
Microsoft Visual Studio Solution File, Format Version 12.00
# Visual Studio Version 17
VisualStudioVersion = 17.0.31903.59
MinimumVisualStudioVersion = 10.0.40219.1
Project("{FAE04EC0-301F-11D3-BF4B-00C04F79EFBC}") = "EnergyDataService.Api", "EnergyDataService.Api\EnergyDataService.Api.csproj", "{53D0BEC9-5EE0-4F7D-AFFC-D201FA204F46}"
EndProject
Project("{FAE04EC0-301F-11D3-BF4B-00C04F79EFBC}") = "EnergyDataService.Application", "EnergyDataService.Application\EnergyDataService.Application.csproj", "{1498A27B-D61B-450E-A61A-3C7E00A36B2B}"
EndProject
Project("{FAE04EC0-301F-11D3-BF4B-00C04F79EFBC}") = "EnergyDataService.Domain", "EnergyDataService.Domain\EnergyDataService.Domain.csproj", "{977F7CB5-E88A-44D9-8F18-5D6BE6E4CCC3}"
EndProject
Project("{FAE04EC0-301F-11D3-BF4B-00C04F79EFBC}") = "EnergyDataService.Infrastructure", "EnergyDataService.Infrastructure\EnergyDataService.Infrastructure.csproj", "{FD660452-D28D-430A-A6CD-204F840D6A1C}"
EndProject
Project("{FAE04EC0-301F-11D3-BF4B-00C04F79EFBC}") = "EnergyDataService.Tests", "EnergyDataService.Tests\EnergyDataService.Tests.csproj", "{A95DE463-72C2-4B0B-A4F6-321C25470B95}"
EndProject
Global
	GlobalSection(SolutionConfigurationPlatforms) = preSolution
		Debug|Any CPU = Debug|Any CPU
		Release|Any CPU = Release|Any CPU
	EndGlobalSection
	GlobalSection(SolutionProperties) = preSolution
		HideSolutionNode = FALSE
	EndGlobalSection
	GlobalSection(ProjectConfigurationPlatforms) = postSolution
		{53D0BEC9-5EE0-4F7D-AFFC-D201FA204F46}.Debug|Any CPU.ActiveCfg = Debug|Any CPU
		{53D0BEC9-5EE0-4F7D-AFFC-D201FA204F46}.Debug|Any CPU.Build.0 = Debug|Any CPU
		{53D0BEC9-5EE0-4F7D-AFFC-D201FA204F46}.Release|Any CPU.ActiveCfg = Release|Any CPU
		{53D0BEC9-5EE0-4F7D-AFFC-D201FA204F46}.Release|Any CPU.Build.0 = Release|Any CPU
		{1498A27B-D61B-450E-A61A-3C7E00A36B2B}.Debug|Any CPU.ActiveCfg = Debug|Any CPU
		{1498A27B-D61B-450E-A61A-3C7E00A36B2B}.Debug|Any CPU.Build.0 = Debug|Any CPU
		{1498A27B-D61B-450E-A61A-3C7E00A36B2B}.Release|Any CPU.ActiveCfg = Release|Any CPU
		{1498A27B-D61B-450E-A61A-3C7E00A36B2B}.Release|Any CPU.Build.0 = Release|Any CPU
		{977F7CB5-E88A-44D9-8F18-5D6BE6E4CCC3}.Debug|Any CPU.ActiveCfg = Debug|Any CPU
		{977F7CB5-E88A-44D9-8F18-5D6BE6E4CCC3}.Debug|Any CPU.Build.0 = Debug|Any CPU
		{977F7CB5-E88A-44D9-8F18-5D6BE6E4CCC3}.Release|Any CPU.ActiveCfg = Release|Any CPU
		{977F7CB5-E88A-44D9-8F18-5D6BE6E4CCC3}.Release|Any CPU.Build.0 = Release|Any CPU
		{FD660452-D28D-430A-A6CD-204F840D6A1C}.Debug|Any CPU.ActiveCfg = Debug|Any CPU
		{FD660452-D28D-430A-A6CD-204F840D6A1C}.Debug|Any CPU.Build.0 = Debug|Any CPU
		{FD660452-D28D-430A-A6CD-204F840D6A1C}.Release|Any CPU.ActiveCfg = Release|Any CPU
		{FD660452-D28D-430A-A6CD-204F840D6A1C}.Release|Any CPU.Build.0 = Release|Any CPU
		{A95DE463-72C2-4B0B-A4F6-321C25470B95}.Debug|Any CPU.ActiveCfg = Debug|Any CPU
		{A95DE463-72C2-4B0B-A4F6-321C25470B95}.Debug|Any CPU.Build.0 = Debug|Any CPU
		{A95DE463-72C2-4B0B-A4F6-321C25470B95}.Release|Any CPU.ActiveCfg = Release|Any CPU
		{A95DE463-72C2-4B0B-A4F6-321C25470B95}.Release|Any CPU.Build.0 = Release|Any CPU
	EndGlobalSection
EndGlobal
